
Microsoft Visual Studio Solution File, Format Version 12.00
# Visual Studio 2012
Project("{FAE04EC0-301F-11D3-BF4B-00C04F79EFBC}") = "Sharparam.SharpBlade", "Sharparam.SharpBlade\Sharparam.SharpBlade.csproj", "{2C390908-D634-4450-9804-71D4929DD392}"
EndProject
Global
	GlobalSection(SolutionConfigurationPlatforms) = preSolution
		Debug|Any CPU = Debug|Any CPU
		Release|Any CPU = Release|Any CPU
	EndGlobalSection
	GlobalSection(ProjectConfigurationPlatforms) = postSolution
		{2C390908-D634-4450-9804-71D4929DD392}.Debug|Any CPU.ActiveCfg = Debug|Any CPU
		{2C390908-D634-4450-9804-71D4929DD392}.Debug|Any CPU.Build.0 = Debug|Any CPU
		{2C390908-D634-4450-9804-71D4929DD392}.Release|Any CPU.ActiveCfg = Release|Any CPU
		{2C390908-D634-4450-9804-71D4929DD392}.Release|Any CPU.Build.0 = Release|Any CPU
	EndGlobalSection
	GlobalSection(SolutionProperties) = preSolution
		HideSolutionNode = FALSE
	EndGlobalSection
EndGlobal
